{
  "name": "@sanjaysingh/copilot-proxy",
  "version": "0.1.0",
  "lockfileVersion": 3,
  "requires": true,
  "packages": {
    "": {
      "name": "@sanjaysingh/copilot-proxy",
      "version": "0.1.0",
      "license": "MIT",
      "bin": {
        "copilot-proxy": "bin/copilot-proxy.js"
      },
      "engines": {
        "node": ">=18.17"
      }
    }
  }
}
